
Microsoft Visual Studio Solution File, Format Version 12.00
# Visual Studio Version 16
VisualStudioVersion = 16.0.29920.165
MinimumVisualStudioVersion = 10.0.40219.1
Project("{FAE04EC0-301F-11D3-BF4B-00C04F79EFBC}") = "WPFOef", "WPFOef\WPFOef.csproj", "{454F3A8E-6C99-4EF7-B1D1-9E8E65EB6CBA}"
EndProject
Global
	GlobalSection(SolutionConfigurationPlatforms) = preSolution
		Debug|Any CPU = Debug|Any CPU
		Release|Any CPU = Release|Any CPU
	EndGlobalSection
	GlobalSection(ProjectConfigurationPlatforms) = postSolution
		{454F3A8E-6C99-4EF7-B1D1-9E8E65EB6CBA}.Debug|Any CPU.ActiveCfg = Debug|Any CPU
		{454F3A8E-6C99-4EF7-B1D1-9E8E65EB6CBA}.Debug|Any CPU.Build.0 = Debug|Any CPU
		{454F3A8E-6C99-4EF7-B1D1-9E8E65EB6CBA}.Release|Any CPU.ActiveCfg = Release|Any CPU
		{454F3A8E-6C99-4EF7-B1D1-9E8E65EB6CBA}.Release|Any CPU.Build.0 = Release|Any CPU
	EndGlobalSection
	GlobalSection(SolutionProperties) = preSolution
		HideSolutionNode = FALSE
	EndGlobalSection
	GlobalSection(ExtensibilityGlobals) = postSolution
		SolutionGuid = {B49F5242-830E-4CA4-8AC2-3ACBCA6BBDD9}
	EndGlobalSection
EndGlobal
